{
    "version": 3,
    "terraform_version": "0.11.13",
    "serial": 18,
    "lineage": "0bb90ab5-afbf-cbcc-ab9c-429c88fcf6c9",
    "modules": [
        {
            "path": [
                "root"
            ],
            "outputs": {},
            "resources": {
                "data.archive_file.gcp_read_courses_dist": {
                    "type": "archive_file",
                    "depends_on": [],
                    "primary": {
                        "id": "23bbd8a0c3abc7a9a270e11ad2f1b5591f598fde",
                        "attributes": {
                            "id": "23bbd8a0c3abc7a9a270e11ad2f1b5591f598fde",
                            "output_base64sha256": "gljXokxXw2+X+OJD8Wqik3Oa04p+mIM6Crsra+nsvBM=",
                            "output_md5": "ef501b6790ef70c20c902f6894a8a327",
                            "output_path": "dist/universitas_read_courses.zip",
                            "output_sha": "23bbd8a0c3abc7a9a270e11ad2f1b5591f598fde",
                            "output_size": "842",
                            "source.#": "0",
                            "source_dir": "../gcp-functions/gcp-read-courses",
                            "type": "zip"
                        },
                        "meta": {},
                        "tainted": false
                    },
                    "deposed": [],
                    "provider": "provider.archive"
                },
                "google_cloudfunctions_function.function": {
                    "type": "google_cloudfunctions_function",
                    "depends_on": [
                        "google_storage_bucket.retrieve_courses",
                        "google_storage_bucket_object.archive"
                    ],
                    "primary": {
                        "id": "memento-mori-universitas/us-east1/gcp-read-courses-cf",
                        "attributes": {
                            "available_memory_mb": "128",
                            "description": "A serverless function to retrieve records",
                            "entry_point": "return_all_records",
                            "environment_variables.%": "2",
                            "environment_variables.MONGO_PASS": "hDr92UwYQhWPqP",
                            "environment_variables.MONGO_USER": "gonzalo-vazquez",
                            "event_trigger.#": "0",
                            "https_trigger_url": "https://us-east1-memento-mori-universitas.cloudfunctions.net/gcp-read-courses-cf",
                            "id": "memento-mori-universitas/us-east1/gcp-read-courses-cf",
                            "labels.%": "0",
                            "name": "gcp-read-courses-cf",
                            "project": "memento-mori-universitas",
                            "region": "us-east1",
                            "runtime": "python37",
                            "service_account_email": "memento-mori-universitas@appspot.gserviceaccount.com",
                            "source_archive_bucket": "retrieve_courses",
                            "source_archive_object": "universitas_read_courses.zip",
                            "source_repository.#": "0",
                            "timeout": "60",
                            "trigger_http": "true"
                        },
                        "meta": {
                            "e2bfb730-ecaa-11e6-8f88-34363bc7c4c0": {
                                "create": 300000000000,
                                "delete": 300000000000,
                                "read": 300000000000
                            }
                        },
                        "tainted": false
                    },
                    "deposed": [],
                    "provider": "provider.google"
                },
                "google_storage_bucket.retrieve_courses": {
                    "type": "google_storage_bucket",
                    "depends_on": [],
                    "primary": {
                        "id": "retrieve_courses",
                        "attributes": {
                            "cors.#": "0",
                            "encryption.#": "0",
                            "force_destroy": "false",
                            "id": "retrieve_courses",
                            "labels.%": "0",
                            "lifecycle_rule.#": "0",
                            "location": "US",
                            "logging.#": "0",
                            "name": "retrieve_courses",
                            "project": "memento-mori-universitas",
                            "requester_pays": "false",
                            "self_link": "https://www.googleapis.com/storage/v1/b/retrieve_courses",
                            "storage_class": "STANDARD",
                            "url": "gs://retrieve_courses",
                            "versioning.#": "0"
                        },
                        "meta": {},
                        "tainted": false
                    },
                    "deposed": [],
                    "provider": "provider.google"
                },
                "google_storage_bucket_object.archive": {
                    "type": "google_storage_bucket_object",
                    "depends_on": [
                        "data.archive_file.gcp_read_courses_dist",
                        "google_storage_bucket.retrieve_courses"
                    ],
                    "primary": {
                        "id": "retrieve_courses-universitas_read_courses.zip",
                        "attributes": {
                            "bucket": "retrieve_courses",
                            "cache_control": "",
                            "content_disposition": "",
                            "content_encoding": "",
                            "content_language": "",
                            "content_type": "application/zip",
                            "crc32c": "ZSU/EA==",
                            "detect_md5hash": "71AbZ5DvcMIMkC9olKijJw==",
                            "id": "retrieve_courses-universitas_read_courses.zip",
                            "md5hash": "71AbZ5DvcMIMkC9olKijJw==",
                            "name": "universitas_read_courses.zip",
                            "output_name": "universitas_read_courses.zip",
                            "self_link": "https://www.googleapis.com/storage/v1/b/retrieve_courses/o/universitas_read_courses.zip",
                            "source": "dist/universitas_read_courses.zip",
                            "storage_class": "STANDARD"
                        },
                        "meta": {},
                        "tainted": false
                    },
                    "deposed": [],
                    "provider": "provider.google"
                }
            },
            "depends_on": []
        }
    ]
}
