{
    "version": 3,
    "terraform_version": "0.11.13",
    "serial": 7,
    "lineage": "0bb90ab5-afbf-cbcc-ab9c-429c88fcf6c9",
    "modules": [
        {
            "path": [
                "root"
            ],
            "outputs": {},
            "resources": {
                "google_bigquery_dataset.default": {
                    "type": "google_bigquery_dataset",
                    "depends_on": [],
                    "primary": {
                        "id": "memento-mori-universitas:universitas_library",
                        "attributes": {
                            "access.#": "4",
                            "access.1555240826.domain": "",
                            "access.1555240826.group_by_email": "",
                            "access.1555240826.role": "READER",
                            "access.1555240826.special_group": "projectReaders",
                            "access.1555240826.user_by_email": "",
                            "access.1555240826.view.#": "0",
                            "access.2442110412.domain": "",
                            "access.2442110412.group_by_email": "",
                            "access.2442110412.role": "WRITER",
                            "access.2442110412.special_group": "projectWriters",
                            "access.2442110412.user_by_email": "",
                            "access.2442110412.view.#": "0",
                            "access.2889351701.domain": "",
                            "access.2889351701.group_by_email": "",
                            "access.2889351701.role": "OWNER",
                            "access.2889351701.special_group": "projectOwners",
                            "access.2889351701.user_by_email": "",
                            "access.2889351701.view.#": "0",
                            "access.401336252.domain": "",
                            "access.401336252.group_by_email": "",
                            "access.401336252.role": "OWNER",
                            "access.401336252.special_group": "",
                            "access.401336252.user_by_email": "memento-mori-universitas-servi@memento-mori-universitas.iam.gserviceaccount.com",
                            "access.401336252.view.#": "0",
                            "creation_time": "1552797824535",
                            "dataset_id": "universitas_library",
                            "default_partition_expiration_ms": "0",
                            "default_table_expiration_ms": "0",
                            "description": "Library for projects",
                            "etag": "us3KPbdZyLKqgtM2zIdhNA==",
                            "friendly_name": "memento-mori-universitas-library",
                            "id": "memento-mori-universitas:universitas_library",
                            "labels.%": "0",
                            "last_modified_time": "1552797824535",
                            "location": "US",
                            "project": "memento-mori-universitas",
                            "self_link": "https://www.googleapis.com/bigquery/v2/projects/memento-mori-universitas/datasets/universitas_library"
                        },
                        "meta": {},
                        "tainted": false
                    },
                    "deposed": [],
                    "provider": "provider.google"
                },
                "google_bigquery_table.default": {
                    "type": "google_bigquery_table",
                    "depends_on": [
                        "google_bigquery_dataset.default"
                    ],
                    "primary": {
                        "id": "memento-mori-universitas:universitas_library.projects",
                        "attributes": {
                            "creation_time": "1552797825041",
                            "dataset_id": "universitas_library",
                            "description": "",
                            "etag": "qKd3tQilXuUCsjntgfsHow==",
                            "expiration_time": "0",
                            "friendly_name": "",
                            "id": "memento-mori-universitas:universitas_library.projects",
                            "labels.%": "0",
                            "last_modified_time": "1552797825093",
                            "location": "US",
                            "num_bytes": "0",
                            "num_long_term_bytes": "0",
                            "num_rows": "0",
                            "project": "memento-mori-universitas",
                            "schema": "[{\"mode\":\"REQUIRED\",\"name\":\"timestamp\",\"type\":\"TIMESTAMP\"},{\"mode\":\"REQUIRED\",\"name\":\"name\",\"type\":\"STRING\"},{\"mode\":\"REQUIRED\",\"name\":\"description\",\"type\":\"STRING\"},{\"mode\":\"REQUIRED\",\"name\":\"in_cloud\",\"type\":\"BOOLEAN\"}]",
                            "self_link": "https://www.googleapis.com/bigquery/v2/projects/memento-mori-universitas/datasets/universitas_library/tables/projects",
                            "table_id": "projects",
                            "type": "TABLE"
                        },
                        "meta": {},
                        "tainted": false
                    },
                    "deposed": [],
                    "provider": "provider.google"
                }
            },
            "depends_on": []
        }
    ]
}
