{
    "version": 3,
    "terraform_version": "0.11.13",
    "serial": 33,
    "lineage": "0bb90ab5-afbf-cbcc-ab9c-429c88fcf6c9",
    "modules": [
        {
            "path": [
                "root"
            ],
            "outputs": {},
            "resources": {
                "data.archive_file.gcp_write_courses_dist": {
                    "type": "archive_file",
                    "depends_on": [],
                    "primary": {
                        "id": "50238eb1648838042495dc8e2d140930dbaf3176",
                        "attributes": {
                            "id": "50238eb1648838042495dc8e2d140930dbaf3176",
                            "output_base64sha256": "ReXtwI0LpwDBo5hO9ptAzLPnBmMVa/Txc5npmwQveP8=",
                            "output_md5": "49afc9187da384e0f0e5b599aeba3beb",
                            "output_path": "dist/universitas_write_courses.zip",
                            "output_sha": "50238eb1648838042495dc8e2d140930dbaf3176",
                            "output_size": "3629",
                            "source.#": "0",
                            "source_dir": "../gcp-functions/gcp-write-courses",
                            "type": "zip"
                        },
                        "meta": {},
                        "tainted": false
                    },
                    "deposed": [],
                    "provider": "provider.archive"
                },
                "google_cloudfunctions_function.write_function": {
                    "type": "google_cloudfunctions_function",
                    "depends_on": [
                        "google_storage_bucket.write_courses",
                        "google_storage_bucket_object.write_archive"
                    ],
                    "primary": {
                        "id": "memento-mori-universitas/us-east1/gcp-write-courses-cf",
                        "attributes": {
                            "available_memory_mb": "128",
                            "description": "A serverless function to create records",
                            "entry_point": "createProject",
                            "environment_variables.%": "4",
                            "environment_variables.ACCESS_TOKEN": "5c551026c812703df97499bef4dabf2ed4295473",
                            "environment_variables.MONGO_PASS": "hDr92UwYQhWPqP",
                            "environment_variables.MONGO_USER": "gonzalo-vazquez",
                            "environment_variables.ORG": "memento-mori-universitas",
                            "event_trigger.#": "0",
                            "https_trigger_url": "https://us-east1-memento-mori-universitas.cloudfunctions.net/gcp-write-courses-cf",
                            "id": "memento-mori-universitas/us-east1/gcp-write-courses-cf",
                            "labels.%": "0",
                            "name": "gcp-write-courses-cf",
                            "project": "memento-mori-universitas",
                            "region": "us-east1",
                            "runtime": "python37",
                            "service_account_email": "memento-mori-universitas@appspot.gserviceaccount.com",
                            "source_archive_bucket": "write_courses",
                            "source_archive_object": "universitas_write_courses.zip",
                            "source_repository.#": "0",
                            "timeout": "60",
                            "trigger_http": "true"
                        },
                        "meta": {
                            "e2bfb730-ecaa-11e6-8f88-34363bc7c4c0": {
                                "create": 300000000000,
                                "delete": 300000000000,
                                "read": 300000000000
                            }
                        },
                        "tainted": false
                    },
                    "deposed": [],
                    "provider": "provider.google"
                },
                "google_storage_bucket.write_courses": {
                    "type": "google_storage_bucket",
                    "depends_on": [],
                    "primary": {
                        "id": "write_courses",
                        "attributes": {
                            "cors.#": "0",
                            "encryption.#": "0",
                            "force_destroy": "false",
                            "id": "write_courses",
                            "labels.%": "0",
                            "lifecycle_rule.#": "0",
                            "location": "US",
                            "logging.#": "0",
                            "name": "write_courses",
                            "project": "memento-mori-universitas",
                            "requester_pays": "false",
                            "self_link": "https://www.googleapis.com/storage/v1/b/write_courses",
                            "storage_class": "STANDARD",
                            "url": "gs://write_courses",
                            "versioning.#": "0"
                        },
                        "meta": {},
                        "tainted": false
                    },
                    "deposed": [],
                    "provider": "provider.google"
                },
                "google_storage_bucket_object.write_archive": {
                    "type": "google_storage_bucket_object",
                    "depends_on": [
                        "data.archive_file.gcp_write_courses_dist",
                        "google_storage_bucket.write_courses"
                    ],
                    "primary": {
                        "id": "write_courses-universitas_write_courses.zip",
                        "attributes": {
                            "bucket": "write_courses",
                            "cache_control": "",
                            "content_disposition": "",
                            "content_encoding": "",
                            "content_language": "",
                            "content_type": "application/zip",
                            "crc32c": "e5xk6A==",
                            "detect_md5hash": "Sa/JGH2jhODw5bWZrro76w==",
                            "id": "write_courses-universitas_write_courses.zip",
                            "md5hash": "Sa/JGH2jhODw5bWZrro76w==",
                            "name": "universitas_write_courses.zip",
                            "output_name": "universitas_write_courses.zip",
                            "self_link": "https://www.googleapis.com/storage/v1/b/write_courses/o/universitas_write_courses.zip",
                            "source": "dist/universitas_write_courses.zip",
                            "storage_class": "STANDARD"
                        },
                        "meta": {},
                        "tainted": false
                    },
                    "deposed": [],
                    "provider": "provider.google"
                }
            },
            "depends_on": []
        }
    ]
}
